schema: '2.0'
stages:
  split:
    cmd: python src/data/split_data.py
    deps:
    - path: data/raw/raw.csv
      hash: md5
      md5: 617b56af2992376d5c3e91ad80823898
      size: 333757
    - path: src/data/split_data.py
      hash: md5
      md5: 3862bc2b1b54637fbe9479061d6cf562
      size: 808
    outs:
    - path: data/processed/X_test.csv
      hash: md5
      md5: b2af62a7e108b077aec89fa2622996db
      size: 52624
    - path: data/processed/X_train.csv
      hash: md5
      md5: 535251fa6c1a1d098cc7a36e0bd62f38
      size: 209468
    - path: data/processed/y_test.csv
      hash: md5
      md5: a051d29629c8bbb4cfb7e85c7f0315da
      size: 6456
    - path: data/processed/y_train.csv
      hash: md5
      md5: a9cd9d91da89f732843d72548f64ded3
      size: 25951
  normalize:
    cmd: python src/data/normalize_data.py
    deps:
    - path: data/processed/X_test.csv
      hash: md5
      md5: b2af62a7e108b077aec89fa2622996db
      size: 52624
    - path: data/processed/X_train.csv
      hash: md5
      md5: 535251fa6c1a1d098cc7a36e0bd62f38
      size: 209468
    - path: src/data/normalize_data.py
      hash: md5
      md5: 63b1c547350920484a5f655181fc44dd
      size: 689
    outs:
    - path: data/processed/X_test_scaled.csv
      hash: md5
      md5: 5e079189af6bd091d651a89fafb1c290
      size: 57026
    - path: data/processed/X_train_scaled.csv
      hash: md5
      md5: c1b80eb7f083888b625dd0369cf381f8
      size: 227497
  gridsearch:
    cmd: python src/models/gridsearch.py
    deps:
    - path: data/processed/X_train_scaled.csv
      hash: md5
      md5: c1b80eb7f083888b625dd0369cf381f8
      size: 227497
    - path: data/processed/y_train.csv
      hash: md5
      md5: a9cd9d91da89f732843d72548f64ded3
      size: 25951
    - path: src/models/gridsearch.py
      hash: md5
      md5: b2f65b691d9891f776baba8c6e27a510
      size: 877
    outs:
    - path: models/best_params.pkl
      hash: md5
      md5: 226ab2309deea272431fe99d6d10bb77
      size: 47
  train:
    cmd: python src/models/train.py
    deps:
    - path: data/processed/X_train_scaled.csv
      hash: md5
      md5: c1b80eb7f083888b625dd0369cf381f8
      size: 227497
    - path: data/processed/y_train.csv
      hash: md5
      md5: a9cd9d91da89f732843d72548f64ded3
      size: 25951
    - path: models/best_params.pkl
      hash: md5
      md5: 226ab2309deea272431fe99d6d10bb77
      size: 47
    - path: src/models/train.py
      hash: md5
      md5: a57d43ff921fcbe10230ce58cdf3f798
      size: 669
    outs:
    - path: models/trained_model.pkl
      hash: md5
      md5: 3323cf1f39bde5d53db83696ffa5baab
      size: 1965798
  evaluate:
    cmd: python src/models/evaluate.py
    deps:
    - path: data/processed/X_test_scaled.csv
      hash: md5
      md5: 5e079189af6bd091d651a89fafb1c290
      size: 57026
    - path: data/processed/y_test.csv
      hash: md5
      md5: a051d29629c8bbb4cfb7e85c7f0315da
      size: 6456
    - path: models/trained_model.pkl
      hash: md5
      md5: 3323cf1f39bde5d53db83696ffa5baab
      size: 1965798
    - path: src/models/evaluate.py
      hash: md5
      md5: 651f72279a6ce4ceb444989447fc371c
      size: 888
    outs:
    - path: data/predictions.csv
      hash: md5
      md5: 0315080a435f09c234d7cb167ca73df7
      size: 6787
    - path: metrics/scores.json
      hash: md5
      md5: b2602186147722ff120b6012d05943d9
      size: 63
